<?xml version="1.0" encoding="utf-8"?>
<Project ToolsVersion="4.0" xmlns="http://schemas.microsoft.com/developer/msbuild/2003">
  <ItemGroup>
    <ClCompile Include="src\BaseTypes.cpp" />
    <ClCompile Include="src\DLSReader.cpp" />
    <ClCompile Include="src\ECWReader.cpp" />
    <ClCompile Include="src\pch.cpp" />
    <ClCompile Include="src\SF2Reader.cpp" />
    <ClCompile Include="src\SF2Writer.cpp" />
    <ClCompile Include="src\libsf.cpp" />
  </ItemGroup>
  <ItemGroup>
    <ClInclude Include="include\BaseTypes.h" />
    <ClInclude Include="include\Definitions.h" />
    <ClInclude Include="include\DLS.h" />
    <ClInclude Include="include\DLSReader.h" />
    <ClInclude Include="include\ECW.h" />
    <ClInclude Include="include\ECWReader.h" />
    <ClInclude Include="include\Exception.h" />
    <ClInclude Include="src\pch.h" />
    <ClInclude Include="include\SF2.h" />
    <ClInclude Include="include\Soundfont.h" />
    <ClInclude Include="include\SF2Reader.h" />
    <ClInclude Include="include\SF2Writer.h" />
    <ClInclude Include="include\Waveset.h" />
    <ClInclude Include="include\libsf.h" />
  </ItemGroup>
  <ItemGroup>
    <None Include="src\cpp.hint" />
    <None Include=".editorconfig" />
    <None Include=".gitattributes" />
    <None Include=".gitignore" />
    <None Include="LICENSE" />
    <None Include="README.md" />
  </ItemGroup>
</Project>