<?xml version="1.0" encoding="utf-8"?>
<Project ToolsVersion="4.0" xmlns="http://schemas.microsoft.com/developer/msbuild/2003">
  <ItemGroup>
    <ClCompile Include="src\BaseTypes.cpp" />
    <ClCompile Include="src\DLSReader.cpp" />
    <ClCompile Include="src\ECWReader.cpp" />
    <ClCompile Include="src\pch.cpp" />
    <ClCompile Include="src\SoundFontReader.cpp" />
    <ClCompile Include="src\SoundFontWriter.cpp" />
    <ClCompile Include="src\Encoding.cpp" />
    <ClCompile Include="src\SoundFont.cpp" />
  </ItemGroup>
  <ItemGroup>
    <ClInclude Include="src\BaseTypes.h" />
    <ClInclude Include="src\Definitions.h" />
    <ClInclude Include="src\DLS.h" />
    <ClInclude Include="src\DLSReader.h" />
    <ClInclude Include="src\ECW.h" />
    <ClInclude Include="src\ECWReader.h" />
    <ClInclude Include="src\Exception.h" />
    <ClInclude Include="src\libsf.h" />
    <ClInclude Include="src\pch.h" />
    <ClInclude Include="src\SF2.h" />
    <ClInclude Include="src\SoundFont.h" />
    <ClInclude Include="src\SoundFontReader.h" />
    <ClInclude Include="src\SoundFontWriter.h" />
    <ClInclude Include="src\Waveset.h" />
    <ClInclude Include="src\Encoding.h" />
    <ClInclude Include="src\Support.h" />
  </ItemGroup>
  <ItemGroup>
    <None Include="src\cpp.hint" />
  </ItemGroup>
</Project>