<?xml version="1.0" encoding="utf-8"?>
<Project ToolsVersion="4.0" xmlns="http://schemas.microsoft.com/developer/msbuild/2003">
  <ItemGroup>
    <ClCompile Include="RIFFReader.cpp" />
    <ClCompile Include="pch.cpp" />
    <ClCompile Include="Encoding.cpp" />
    <ClCompile Include="libriff.cpp" />
    <ClCompile Include="Stream.cpp" />
    <ClCompile Include="Win32Exception.cpp" />
    <ClCompile Include="RIFFWriter.cpp" />
  </ItemGroup>
  <ItemGroup>
    <ClInclude Include="RIFFReader.h" />
    <ClInclude Include="FOURCC.h" />
    <ClInclude Include="Exception.h" />
    <ClInclude Include="framework.h" />
    <ClInclude Include="pch.h" />
    <ClInclude Include="libriff.h" />
    <ClInclude Include="Encoding.h" />
    <ClInclude Include="Stream.h" />
    <ClInclude Include="Win32Exception.h" />
    <ClInclude Include="RIFFWriter.h" />
    <ClInclude Include="RIFF.h" />
  </ItemGroup>
  <ItemGroup>
    <None Include="LICENSE" />
  </ItemGroup>
</Project>